
Microsoft Visual Studio Solution File, Format Version 12.00
# Visual Studio Version 17
VisualStudioVersion = 17.3.32804.467
MinimumVisualStudioVersion = 10.0.40219.1
Project("{F184B08F-C81C-45F6-A57F-5ABD9991F28F}") = "ProyectoNo2", "ProyectoNo2\ProyectoNo2.vbproj", "{A004DE36-E217-4C4B-90FF-E40AB0C8938F}"
EndProject
Global
	GlobalSection(SolutionConfigurationPlatforms) = preSolution
		Debug|Any CPU = Debug|Any CPU
		Release|Any CPU = Release|Any CPU
	EndGlobalSection
	GlobalSection(ProjectConfigurationPlatforms) = postSolution
		{A004DE36-E217-4C4B-90FF-E40AB0C8938F}.Debug|Any CPU.ActiveCfg = Debug|Any CPU
		{A004DE36-E217-4C4B-90FF-E40AB0C8938F}.Debug|Any CPU.Build.0 = Debug|Any CPU
		{A004DE36-E217-4C4B-90FF-E40AB0C8938F}.Release|Any CPU.ActiveCfg = Release|Any CPU
		{A004DE36-E217-4C4B-90FF-E40AB0C8938F}.Release|Any CPU.Build.0 = Release|Any CPU
	EndGlobalSection
	GlobalSection(SolutionProperties) = preSolution
		HideSolutionNode = FALSE
	EndGlobalSection
	GlobalSection(ExtensibilityGlobals) = postSolution
		SolutionGuid = {A2541CC1-85C7-4196-AC7C-06C711857AD6}
	EndGlobalSection
EndGlobal
